
Microsoft Visual Studio Solution File, Format Version 12.00
# Visual Studio 2013
VisualStudioVersion = 12.0.40629.0
MinimumVisualStudioVersion = 10.0.40219.1
Project("{8BC9CEB8-8B4A-11D0-8D11-00A0C91BC942}") = "game_launch", "game_launch\game_launch.vcxproj", "{F20B6957-99DB-4330-8791-23A852F3B158}"
	ProjectSection(ProjectDependencies) = postProject
		{90F48F37-D9F8-4F36-B04F-1FC8CC834424} = {90F48F37-D9F8-4F36-B04F-1FC8CC834424}
		{C66BF480-DB25-4609-80BE-738F3F5E8AEA} = {C66BF480-DB25-4609-80BE-738F3F5E8AEA}
		{26E5ACF2-24E5-4243-8D6D-8577970DFA17} = {26E5ACF2-24E5-4243-8D6D-8577970DFA17}
	EndProjectSection
EndProject
Project("{8BC9CEB8-8B4A-11D0-8D11-00A0C91BC942}") = "mainui", "mainui\mainui.vcxproj", "{90F48F37-D9F8-4F36-B04F-1FC8CC834424}"
EndProject
Project("{8BC9CEB8-8B4A-11D0-8D11-00A0C91BC942}") = "engine", "engine\engine.vcxproj", "{C66BF480-DB25-4609-80BE-738F3F5E8AEA}"
	ProjectSection(ProjectDependencies) = postProject
		{90F48F37-D9F8-4F36-B04F-1FC8CC834424} = {90F48F37-D9F8-4F36-B04F-1FC8CC834424}
	EndProjectSection
EndProject
Project("{8BC9CEB8-8B4A-11D0-8D11-00A0C91BC942}") = "vgui_support", "vgui_support\vgui_support.vcxproj", "{26E5ACF2-24E5-4243-8D6D-8577970DFA17}"
EndProject
Global
	GlobalSection(SolutionConfigurationPlatforms) = preSolution
		Debug|Win32 = Debug|Win32
		Debug|x64 = Debug|x64
		Release|Win32 = Release|Win32
		Release|x64 = Release|x64
	EndGlobalSection
	GlobalSection(ProjectConfigurationPlatforms) = postSolution
		{F20B6957-99DB-4330-8791-23A852F3B158}.Debug|Win32.ActiveCfg = Debug|Win32
		{F20B6957-99DB-4330-8791-23A852F3B158}.Debug|Win32.Build.0 = Debug|Win32
		{F20B6957-99DB-4330-8791-23A852F3B158}.Debug|x64.ActiveCfg = Debug|Win32
		{F20B6957-99DB-4330-8791-23A852F3B158}.Release|Win32.ActiveCfg = Release|Win32
		{F20B6957-99DB-4330-8791-23A852F3B158}.Release|Win32.Build.0 = Release|Win32
		{F20B6957-99DB-4330-8791-23A852F3B158}.Release|x64.ActiveCfg = Release|Win32
		{90F48F37-D9F8-4F36-B04F-1FC8CC834424}.Debug|Win32.ActiveCfg = Debug|Win32
		{90F48F37-D9F8-4F36-B04F-1FC8CC834424}.Debug|Win32.Build.0 = Debug|Win32
		{90F48F37-D9F8-4F36-B04F-1FC8CC834424}.Debug|x64.ActiveCfg = Debug|Win32
		{90F48F37-D9F8-4F36-B04F-1FC8CC834424}.Release|Win32.ActiveCfg = Release|Win32
		{90F48F37-D9F8-4F36-B04F-1FC8CC834424}.Release|Win32.Build.0 = Release|Win32
		{90F48F37-D9F8-4F36-B04F-1FC8CC834424}.Release|x64.ActiveCfg = Release|Win32
		{C66BF480-DB25-4609-80BE-738F3F5E8AEA}.Debug|Win32.ActiveCfg = Debug|Win32
		{C66BF480-DB25-4609-80BE-738F3F5E8AEA}.Debug|Win32.Build.0 = Debug|Win32
		{C66BF480-DB25-4609-80BE-738F3F5E8AEA}.Debug|x64.ActiveCfg = Debug|Win32
		{C66BF480-DB25-4609-80BE-738F3F5E8AEA}.Release|Win32.ActiveCfg = Release|Win32
		{C66BF480-DB25-4609-80BE-738F3F5E8AEA}.Release|Win32.Build.0 = Release|Win32
		{C66BF480-DB25-4609-80BE-738F3F5E8AEA}.Release|x64.ActiveCfg = Release|Win32
		{26E5ACF2-24E5-4243-8D6D-8577970DFA17}.Debug|Win32.ActiveCfg = Debug|Win32
		{26E5ACF2-24E5-4243-8D6D-8577970DFA17}.Debug|Win32.Build.0 = Debug|Win32
		{26E5ACF2-24E5-4243-8D6D-8577970DFA17}.Debug|x64.ActiveCfg = Debug|Win32
		{26E5ACF2-24E5-4243-8D6D-8577970DFA17}.Release|Win32.ActiveCfg = Release|Win32
		{26E5ACF2-24E5-4243-8D6D-8577970DFA17}.Release|Win32.Build.0 = Release|Win32
		{26E5ACF2-24E5-4243-8D6D-8577970DFA17}.Release|x64.ActiveCfg = Release|Win32
	EndGlobalSection
	GlobalSection(SolutionProperties) = preSolution
		HideSolutionNode = FALSE
	EndGlobalSection
EndGlobal
