<?xml version="1.0" encoding="utf-8"?>
<Project ToolsVersion="4.0" xmlns="http://schemas.microsoft.com/developer/msbuild/2003">
  <ItemGroup>
    <Filter Include="Source Files">
      <UniqueIdentifier>{4FC737F1-C7A5-4376-A066-2A32D752A2FF}</UniqueIdentifier>
      <Extensions>cpp;c;cc;cxx;def;odl;idl;hpj;bat;asm;asmx</Extensions>
    </Filter>
    <Filter Include="Header Files">
      <UniqueIdentifier>{93995380-89BD-4b04-88EB-625FBE52EBFB}</UniqueIdentifier>
      <Extensions>h;hh;hpp;hxx;hm;inl;inc;xsd</Extensions>
    </Filter>
    <Filter Include="Resource Files">
      <UniqueIdentifier>{67DA6AB6-F800-4c08-8B7A-83BB121AAD01}</UniqueIdentifier>
      <Extensions>rc;ico;cur;bmp;dlg;rc2;rct;bin;rgs;gif;jpg;jpeg;jpe;resx;tiff;tif;png;wav;mfcribbon-ms</Extensions>
    </Filter>
  </ItemGroup>
  <ItemGroup>
    <ClCompile Include="client\cl_cmds.c">
      <Filter>Source Files</Filter>
    </ClCompile>
    <ClCompile Include="client\cl_demo.c">
      <Filter>Source Files</Filter>
    </ClCompile>
    <ClCompile Include="client\cl_events.c">
      <Filter>Source Files</Filter>
    </ClCompile>
    <ClCompile Include="client\cl_frame.c">
      <Filter>Source Files</Filter>
    </ClCompile>
    <ClCompile Include="client\cl_game.c">
      <Filter>Source Files</Filter>
    </ClCompile>
    <ClCompile Include="client\cl_main.c">
      <Filter>Source Files</Filter>
    </ClCompile>
    <ClCompile Include="client\cl_menu.c">
      <Filter>Source Files</Filter>
    </ClCompile>
    <ClCompile Include="client\cl_parse.c">
      <Filter>Source Files</Filter>
    </ClCompile>
    <ClCompile Include="client\cl_pmove.c">
      <Filter>Source Files</Filter>
    </ClCompile>
    <ClCompile Include="client\cl_remap.c">
      <Filter>Source Files</Filter>
    </ClCompile>
    <ClCompile Include="client\cl_scrn.c">
      <Filter>Source Files</Filter>
    </ClCompile>
    <ClCompile Include="client\cl_tent.c">
      <Filter>Source Files</Filter>
    </ClCompile>
    <ClCompile Include="client\cl_video.c">
      <Filter>Source Files</Filter>
    </ClCompile>
    <ClCompile Include="client\cl_view.c">
      <Filter>Source Files</Filter>
    </ClCompile>
    <ClCompile Include="client\gl_backend.c">
      <Filter>Source Files</Filter>
    </ClCompile>
    <ClCompile Include="client\gl_beams.c">
      <Filter>Source Files</Filter>
    </ClCompile>
    <ClCompile Include="client\gl_cull.c">
      <Filter>Source Files</Filter>
    </ClCompile>
    <ClCompile Include="client\gl_decals.c">
      <Filter>Source Files</Filter>
    </ClCompile>
    <ClCompile Include="client\gl_draw.c">
      <Filter>Source Files</Filter>
    </ClCompile>
    <ClCompile Include="client\gl_image.c">
      <Filter>Source Files</Filter>
    </ClCompile>
    <ClCompile Include="client\gl_mirror.c">
      <Filter>Source Files</Filter>
    </ClCompile>
    <ClCompile Include="client\gl_refrag.c">
      <Filter>Source Files</Filter>
    </ClCompile>
    <ClCompile Include="client\gl_rlight.c">
      <Filter>Source Files</Filter>
    </ClCompile>
    <ClCompile Include="client\gl_rmain.c">
      <Filter>Source Files</Filter>
    </ClCompile>
    <ClCompile Include="client\gl_rmath.c">
      <Filter>Source Files</Filter>
    </ClCompile>
    <ClCompile Include="client\gl_rmisc.c">
      <Filter>Source Files</Filter>
    </ClCompile>
    <ClCompile Include="client\gl_rpart.c">
      <Filter>Source Files</Filter>
    </ClCompile>
    <ClCompile Include="client\gl_rsurf.c">
      <Filter>Source Files</Filter>
    </ClCompile>
    <ClCompile Include="client\gl_sprite.c">
      <Filter>Source Files</Filter>
    </ClCompile>
    <ClCompile Include="client\gl_studio.c">
      <Filter>Source Files</Filter>
    </ClCompile>
    <ClCompile Include="client\gl_vidnt.c">
      <Filter>Source Files</Filter>
    </ClCompile>
    <ClCompile Include="client\gl_warp.c">
      <Filter>Source Files</Filter>
    </ClCompile>
    <ClCompile Include="client\s_backend.c">
      <Filter>Source Files</Filter>
    </ClCompile>
    <ClCompile Include="client\s_dsp.c">
      <Filter>Source Files</Filter>
    </ClCompile>
    <ClCompile Include="client\s_load.c">
      <Filter>Source Files</Filter>
    </ClCompile>
    <ClCompile Include="client\s_main.c">
      <Filter>Source Files</Filter>
    </ClCompile>
    <ClCompile Include="client\s_mix.c">
      <Filter>Source Files</Filter>
    </ClCompile>
    <ClCompile Include="client\s_mouth.c">
      <Filter>Source Files</Filter>
    </ClCompile>
    <ClCompile Include="client\s_stream.c">
      <Filter>Source Files</Filter>
    </ClCompile>
    <ClCompile Include="client\s_utils.c">
      <Filter>Source Files</Filter>
    </ClCompile>
    <ClCompile Include="client\s_vox.c">
      <Filter>Source Files</Filter>
    </ClCompile>
    <ClCompile Include="common\avikit.c">
      <Filter>Source Files</Filter>
    </ClCompile>
    <ClCompile Include="common\build.c">
      <Filter>Source Files</Filter>
    </ClCompile>
    <ClCompile Include="common\cmd.c">
      <Filter>Source Files</Filter>
    </ClCompile>
    <ClCompile Include="common\common.c">
      <Filter>Source Files</Filter>
    </ClCompile>
    <ClCompile Include="common\con_utils.c">
      <Filter>Source Files</Filter>
    </ClCompile>
    <ClCompile Include="common\console.c">
      <Filter>Source Files</Filter>
    </ClCompile>
    <ClCompile Include="common\crclib.c">
      <Filter>Source Files</Filter>
    </ClCompile>
    <ClCompile Include="common\crtlib.c">
      <Filter>Source Files</Filter>
    </ClCompile>
    <ClCompile Include="common\cvar.c">
      <Filter>Source Files</Filter>
    </ClCompile>
    <ClCompile Include="common\filesystem.c">
      <Filter>Source Files</Filter>
    </ClCompile>
    <ClCompile Include="common\gamma.c">
      <Filter>Source Files</Filter>
    </ClCompile>
    <ClCompile Include="common\host.c">
      <Filter>Source Files</Filter>
    </ClCompile>
    <ClCompile Include="common\hpak.c">
      <Filter>Source Files</Filter>
    </ClCompile>
    <ClCompile Include="common\infostring.c">
      <Filter>Source Files</Filter>
    </ClCompile>
    <ClCompile Include="common\input.c">
      <Filter>Source Files</Filter>
    </ClCompile>
    <ClCompile Include="common\keys.c">
      <Filter>Source Files</Filter>
    </ClCompile>
    <ClCompile Include="common\library.c">
      <Filter>Source Files</Filter>
    </ClCompile>
    <ClCompile Include="common\mathlib.c">
      <Filter>Source Files</Filter>
    </ClCompile>
    <ClCompile Include="common\matrixlib.c">
      <Filter>Source Files</Filter>
    </ClCompile>
    <ClCompile Include="common\mod_studio.c">
      <Filter>Source Files</Filter>
    </ClCompile>
    <ClCompile Include="common\model.c">
      <Filter>Source Files</Filter>
    </ClCompile>
    <ClCompile Include="common\net_buffer.c">
      <Filter>Source Files</Filter>
    </ClCompile>
    <ClCompile Include="common\net_chan.c">
      <Filter>Source Files</Filter>
    </ClCompile>
    <ClCompile Include="common\net_encode.c">
      <Filter>Source Files</Filter>
    </ClCompile>
    <ClCompile Include="common\net_huff.c">
      <Filter>Source Files</Filter>
    </ClCompile>
    <ClCompile Include="common\network.c">
      <Filter>Source Files</Filter>
    </ClCompile>
    <ClCompile Include="common\pm_surface.c">
      <Filter>Source Files</Filter>
    </ClCompile>
    <ClCompile Include="common\pm_trace.c">
      <Filter>Source Files</Filter>
    </ClCompile>
    <ClCompile Include="common\random.c">
      <Filter>Source Files</Filter>
    </ClCompile>
    <ClCompile Include="common\sys_con.c">
      <Filter>Source Files</Filter>
    </ClCompile>
    <ClCompile Include="common\sys_win.c">
      <Filter>Source Files</Filter>
    </ClCompile>
    <ClCompile Include="common\titles.c">
      <Filter>Source Files</Filter>
    </ClCompile>
    <ClCompile Include="common\world.c">
      <Filter>Source Files</Filter>
    </ClCompile>
    <ClCompile Include="common\zone.c">
      <Filter>Source Files</Filter>
    </ClCompile>
    <ClCompile Include="common\imagelib\img_bmp.c">
      <Filter>Source Files</Filter>
    </ClCompile>
    <ClCompile Include="common\imagelib\img_dds.c">
      <Filter>Source Files</Filter>
    </ClCompile>
    <ClCompile Include="common\imagelib\img_main.c">
      <Filter>Source Files</Filter>
    </ClCompile>
    <ClCompile Include="common\imagelib\img_quant.c">
      <Filter>Source Files</Filter>
    </ClCompile>
    <ClCompile Include="common\imagelib\img_tga.c">
      <Filter>Source Files</Filter>
    </ClCompile>
    <ClCompile Include="common\imagelib\img_utils.c">
      <Filter>Source Files</Filter>
    </ClCompile>
    <ClCompile Include="common\imagelib\img_wad.c">
      <Filter>Source Files</Filter>
    </ClCompile>
    <ClCompile Include="common\sdl\events.c">
      <Filter>Source Files</Filter>
    </ClCompile>
    <ClCompile Include="common\soundlib\snd_main.c">
      <Filter>Source Files</Filter>
    </ClCompile>
    <ClCompile Include="common\soundlib\snd_mp3.c">
      <Filter>Source Files</Filter>
    </ClCompile>
    <ClCompile Include="common\soundlib\snd_utils.c">
      <Filter>Source Files</Filter>
    </ClCompile>
    <ClCompile Include="common\soundlib\snd_wav.c">
      <Filter>Source Files</Filter>
    </ClCompile>
    <ClCompile Include="server\sv_client.c">
      <Filter>Source Files</Filter>
    </ClCompile>
    <ClCompile Include="server\sv_cmds.c">
      <Filter>Source Files</Filter>
    </ClCompile>
    <ClCompile Include="server\sv_custom.c">
      <Filter>Source Files</Filter>
    </ClCompile>
    <ClCompile Include="server\sv_frame.c">
      <Filter>Source Files</Filter>
    </ClCompile>
    <ClCompile Include="server\sv_game.c">
      <Filter>Source Files</Filter>
    </ClCompile>
    <ClCompile Include="server\sv_main.c">
      <Filter>Source Files</Filter>
    </ClCompile>
    <ClCompile Include="server\sv_log.c">
      <Filter>Source Files</Filter>
    </ClCompile>
    <ClCompile Include="server\sv_init.c">
      <Filter>Source Files</Filter>
    </ClCompile>
    <ClCompile Include="server\sv_move.c">
      <Filter>Source Files</Filter>
    </ClCompile>
    <ClCompile Include="server\sv_phys.c">
      <Filter>Source Files</Filter>
    </ClCompile>
    <ClCompile Include="server\sv_pmove.c">
      <Filter>Source Files</Filter>
    </ClCompile>
    <ClCompile Include="server\sv_save.c">
      <Filter>Source Files</Filter>
    </ClCompile>
    <ClCompile Include="server\sv_world.c">
      <Filter>Source Files</Filter>
    </ClCompile>
    <ClCompile Include="client\vgui\vgui_draw.c">
      <Filter>Source Files</Filter>
    </ClCompile>
  </ItemGroup>
  <ItemGroup>
    <ClInclude Include="common\imagelib\imagelib.h">
      <Filter>Header Files</Filter>
    </ClInclude>
    <ClInclude Include="common\sdl\events.h">
      <Filter>Header Files</Filter>
    </ClInclude>
    <ClInclude Include="common\soundlib\soundlib.h">
      <Filter>Header Files</Filter>
    </ClInclude>
    <ClInclude Include="client\vgui\utlmemory.h">
      <Filter>Header Files</Filter>
    </ClInclude>
    <ClInclude Include="client\vgui\utlrbtree.h">
      <Filter>Header Files</Filter>
    </ClInclude>
    <ClInclude Include="client\vgui\utlvector.h">
      <Filter>Header Files</Filter>
    </ClInclude>
    <ClInclude Include="client\vgui\vgui_draw.h">
      <Filter>Header Files</Filter>
    </ClInclude>
    <ClInclude Include="client\vgui\vgui_main.h">
      <Filter>Header Files</Filter>
    </ClInclude>
    <ClInclude Include="client\anorm_dots.h">
      <Filter>Header Files</Filter>
    </ClInclude>
    <ClInclude Include="client\cl_tent.h">
      <Filter>Header Files</Filter>
    </ClInclude>
    <ClInclude Include="client\client.h">
      <Filter>Header Files</Filter>
    </ClInclude>
    <ClInclude Include="client\gl_export.h">
      <Filter>Header Files</Filter>
    </ClInclude>
    <ClInclude Include="client\gl_local.h">
      <Filter>Header Files</Filter>
    </ClInclude>
    <ClInclude Include="client\sound.h">
      <Filter>Header Files</Filter>
    </ClInclude>
    <ClInclude Include="client\vox.h">
      <Filter>Header Files</Filter>
    </ClInclude>
    <ClInclude Include="common\common.h">
      <Filter>Header Files</Filter>
    </ClInclude>
    <ClInclude Include="common\crtlib.h">
      <Filter>Header Files</Filter>
    </ClInclude>
    <ClInclude Include="common\filesystem.h">
      <Filter>Header Files</Filter>
    </ClInclude>
    <ClInclude Include="common\input.h">
      <Filter>Header Files</Filter>
    </ClInclude>
    <ClInclude Include="common\library.h">
      <Filter>Header Files</Filter>
    </ClInclude>
    <ClInclude Include="common\mathlib.h">
      <Filter>Header Files</Filter>
    </ClInclude>
    <ClInclude Include="common\mod_local.h">
      <Filter>Header Files</Filter>
    </ClInclude>
    <ClInclude Include="common\net_buffer.h">
      <Filter>Header Files</Filter>
    </ClInclude>
    <ClInclude Include="common\net_encode.h">
      <Filter>Header Files</Filter>
    </ClInclude>
    <ClInclude Include="common\netchan.h">
      <Filter>Header Files</Filter>
    </ClInclude>
    <ClInclude Include="common\pm_local.h">
      <Filter>Header Files</Filter>
    </ClInclude>
    <ClInclude Include="common\protocol.h">
      <Filter>Header Files</Filter>
    </ClInclude>
    <ClInclude Include="common\sse_mathfun.h">
      <Filter>Header Files</Filter>
    </ClInclude>
    <ClInclude Include="common\system.h">
      <Filter>Header Files</Filter>
    </ClInclude>
    <ClInclude Include="common\world.h">
      <Filter>Header Files</Filter>
    </ClInclude>
    <ClInclude Include="server\server.h">
      <Filter>Header Files</Filter>
    </ClInclude>
    <ClInclude Include="anorms.h">
      <Filter>Header Files</Filter>
    </ClInclude>
    <ClInclude Include="cdll_exp.h">
      <Filter>Header Files</Filter>
    </ClInclude>
    <ClInclude Include="cdll_int.h">
      <Filter>Header Files</Filter>
    </ClInclude>
    <ClInclude Include="custom.h">
      <Filter>Header Files</Filter>
    </ClInclude>
    <ClInclude Include="customentity.h">
      <Filter>Header Files</Filter>
    </ClInclude>
    <ClInclude Include="eiface.h">
      <Filter>Header Files</Filter>
    </ClInclude>
    <ClInclude Include="edict.h">
      <Filter>Header Files</Filter>
    </ClInclude>
    <ClInclude Include="keydefs.h">
      <Filter>Header Files</Filter>
    </ClInclude>
    <ClInclude Include="menu_int.h">
      <Filter>Header Files</Filter>
    </ClInclude>
    <ClInclude Include="physint.h">
      <Filter>Header Files</Filter>
    </ClInclude>
    <ClInclude Include="progdefs.h">
      <Filter>Header Files</Filter>
    </ClInclude>
    <ClInclude Include="sprite.h">
      <Filter>Header Files</Filter>
    </ClInclude>
    <ClInclude Include="shake.h">
      <Filter>Header Files</Filter>
    </ClInclude>
    <ClInclude Include="studio.h">
      <Filter>Header Files</Filter>
    </ClInclude>
    <ClInclude Include="warpsin.h">
      <Filter>Header Files</Filter>
    </ClInclude>
  </ItemGroup>
  <ItemGroup>
    <Library Include="common\soundlib\mpeg.lib" />
  </ItemGroup>
</Project>