<?xml version="1.0" encoding="utf-8"?>
<Project ToolsVersion="4.0" xmlns="http://schemas.microsoft.com/developer/msbuild/2003">
  <ItemGroup>
    <Filter Include="Файлы исходного кода">
      <UniqueIdentifier>{4FC737F1-C7A5-4376-A066-2A32D752A2FF}</UniqueIdentifier>
      <Extensions>cpp;c;cc;cxx;def;odl;idl;hpj;bat;asm;asmx</Extensions>
    </Filter>
    <Filter Include="Заголовочные файлы">
      <UniqueIdentifier>{93995380-89BD-4b04-88EB-625FBE52EBFB}</UniqueIdentifier>
      <Extensions>h;hh;hpp;hxx;hm;inl;inc;xsd</Extensions>
    </Filter>
    <Filter Include="Файлы ресурсов">
      <UniqueIdentifier>{67DA6AB6-F800-4c08-8B7A-83BB121AAD01}</UniqueIdentifier>
      <Extensions>rc;ico;cur;bmp;dlg;rc2;rct;bin;rgs;gif;jpg;jpeg;jpe;resx;tiff;tif;png;wav;mfcribbon-ms</Extensions>
    </Filter>
    <Filter Include="Файлы исходного кода\server">
      <UniqueIdentifier>{ec66ae85-934a-4eda-a3ce-d22a6e30228d}</UniqueIdentifier>
    </Filter>
    <Filter Include="Файлы исходного кода\client">
      <UniqueIdentifier>{8fcbbc6d-5cfc-4a68-8e19-836605efe4e0}</UniqueIdentifier>
    </Filter>
    <Filter Include="Файлы исходного кода\render">
      <UniqueIdentifier>{15e5800d-cb6b-41c7-b4e5-66026a437b5e}</UniqueIdentifier>
    </Filter>
    <Filter Include="Файлы исходного кода\sound">
      <UniqueIdentifier>{e3797856-fba1-4bb5-98a9-a15f364fd24b}</UniqueIdentifier>
    </Filter>
    <Filter Include="Заголовочные файлы\sound">
      <UniqueIdentifier>{7bb4ac04-5ca6-41d5-9d72-a8fb6b0a4895}</UniqueIdentifier>
    </Filter>
    <Filter Include="Заголовочные файлы\render">
      <UniqueIdentifier>{b499f5b1-0713-486d-9622-e0833ed62124}</UniqueIdentifier>
    </Filter>
  </ItemGroup>
  <ItemGroup>
    <ClCompile Include="client\console.c">
      <Filter>Файлы исходного кода</Filter>
    </ClCompile>
    <ClCompile Include="client\gamma.c">
      <Filter>Файлы исходного кода</Filter>
    </ClCompile>
    <ClCompile Include="client\input.c">
      <Filter>Файлы исходного кода</Filter>
    </ClCompile>
    <ClCompile Include="client\input_evdevkey.c">
      <Filter>Файлы исходного кода</Filter>
    </ClCompile>
    <ClCompile Include="client\joyinput.c">
      <Filter>Файлы исходного кода</Filter>
    </ClCompile>
    <ClCompile Include="client\keys.c">
      <Filter>Файлы исходного кода</Filter>
    </ClCompile>
    <ClCompile Include="client\touch.c">
      <Filter>Файлы исходного кода</Filter>
    </ClCompile>
    <ClCompile Include="client\vgui\vgui_draw.c">
      <Filter>Файлы исходного кода</Filter>
    </ClCompile>
    <ClCompile Include="client\vid_common.c">
      <Filter>Файлы исходного кода</Filter>
    </ClCompile>
    <ClCompile Include="common\avikit.c">
      <Filter>Файлы исходного кода</Filter>
    </ClCompile>
    <ClCompile Include="common\base_cmd.c">
      <Filter>Файлы исходного кода</Filter>
    </ClCompile>
    <ClCompile Include="common\build.c">
      <Filter>Файлы исходного кода</Filter>
    </ClCompile>
    <ClCompile Include="common\cfgscript.c">
      <Filter>Файлы исходного кода</Filter>
    </ClCompile>
    <ClCompile Include="common\cmd.c">
      <Filter>Файлы исходного кода</Filter>
    </ClCompile>
    <ClCompile Include="common\common.c">
      <Filter>Файлы исходного кода</Filter>
    </ClCompile>
    <ClCompile Include="common\con_utils.c">
      <Filter>Файлы исходного кода</Filter>
    </ClCompile>
    <ClCompile Include="common\crclib.c">
      <Filter>Файлы исходного кода</Filter>
    </ClCompile>
    <ClCompile Include="common\crtlib.c">
      <Filter>Файлы исходного кода</Filter>
    </ClCompile>
    <ClCompile Include="common\cvar.c">
      <Filter>Файлы исходного кода</Filter>
    </ClCompile>
    <ClCompile Include="common\dedicated.c">
      <Filter>Файлы исходного кода</Filter>
    </ClCompile>
    <ClCompile Include="common\filesystem.c">
      <Filter>Файлы исходного кода</Filter>
    </ClCompile>
    <ClCompile Include="common\host.c">
      <Filter>Файлы исходного кода</Filter>
    </ClCompile>
    <ClCompile Include="common\hpak.c">
      <Filter>Файлы исходного кода</Filter>
    </ClCompile>
    <ClCompile Include="common\identification.c">
      <Filter>Файлы исходного кода</Filter>
    </ClCompile>
    <ClCompile Include="common\imagelib\img_bmp.c">
      <Filter>Файлы исходного кода</Filter>
    </ClCompile>
    <ClCompile Include="common\imagelib\img_dds.c">
      <Filter>Файлы исходного кода</Filter>
    </ClCompile>
    <ClCompile Include="common\imagelib\img_main.c">
      <Filter>Файлы исходного кода</Filter>
    </ClCompile>
    <ClCompile Include="common\imagelib\img_quant.c">
      <Filter>Файлы исходного кода</Filter>
    </ClCompile>
    <ClCompile Include="common\imagelib\img_tga.c">
      <Filter>Файлы исходного кода</Filter>
    </ClCompile>
    <ClCompile Include="common\imagelib\img_utils.c">
      <Filter>Файлы исходного кода</Filter>
    </ClCompile>
    <ClCompile Include="common\imagelib\img_wad.c">
      <Filter>Файлы исходного кода</Filter>
    </ClCompile>
    <ClCompile Include="common\infostring.c">
      <Filter>Файлы исходного кода</Filter>
    </ClCompile>
    <ClCompile Include="common\launcher.c">
      <Filter>Файлы исходного кода</Filter>
    </ClCompile>
    <ClCompile Include="common\library.c">
      <Filter>Файлы исходного кода</Filter>
    </ClCompile>
    <ClCompile Include="common\mathlib.c">
      <Filter>Файлы исходного кода</Filter>
    </ClCompile>
    <ClCompile Include="common\matrixlib.c">
      <Filter>Файлы исходного кода</Filter>
    </ClCompile>
    <ClCompile Include="common\model.c">
      <Filter>Файлы исходного кода</Filter>
    </ClCompile>
    <ClCompile Include="common\mod_studio.c">
      <Filter>Файлы исходного кода</Filter>
    </ClCompile>
    <ClCompile Include="common\network.c">
      <Filter>Файлы исходного кода</Filter>
    </ClCompile>
    <ClCompile Include="common\net_buffer.c">
      <Filter>Файлы исходного кода</Filter>
    </ClCompile>
    <ClCompile Include="common\net_chan.c">
      <Filter>Файлы исходного кода</Filter>
    </ClCompile>
    <ClCompile Include="common\net_encode.c">
      <Filter>Файлы исходного кода</Filter>
    </ClCompile>
    <ClCompile Include="common\net_huff.c">
      <Filter>Файлы исходного кода</Filter>
    </ClCompile>
    <ClCompile Include="common\pm_surface.c">
      <Filter>Файлы исходного кода</Filter>
    </ClCompile>
    <ClCompile Include="common\pm_trace.c">
      <Filter>Файлы исходного кода</Filter>
    </ClCompile>
    <ClCompile Include="common\random.c">
      <Filter>Файлы исходного кода</Filter>
    </ClCompile>
    <ClCompile Include="common\Sequence.c">
      <Filter>Файлы исходного кода</Filter>
    </ClCompile>
    <ClCompile Include="common\soundlib\libmpg\dct64_i386.c">
      <Filter>Файлы исходного кода</Filter>
    </ClCompile>
    <ClCompile Include="common\soundlib\libmpg\decode_i386.c">
      <Filter>Файлы исходного кода</Filter>
    </ClCompile>
    <ClCompile Include="common\soundlib\libmpg\interface.c">
      <Filter>Файлы исходного кода</Filter>
    </ClCompile>
    <ClCompile Include="common\soundlib\libmpg\layer2.c">
      <Filter>Файлы исходного кода</Filter>
    </ClCompile>
    <ClCompile Include="common\soundlib\libmpg\layer3.c">
      <Filter>Файлы исходного кода</Filter>
    </ClCompile>
    <ClCompile Include="common\soundlib\libmpg\tabinit.c">
      <Filter>Файлы исходного кода</Filter>
    </ClCompile>
    <ClCompile Include="common\system.c">
      <Filter>Файлы исходного кода</Filter>
    </ClCompile>
    <ClCompile Include="common\sys_con.c">
      <Filter>Файлы исходного кода</Filter>
    </ClCompile>
    <ClCompile Include="common\titles.c">
      <Filter>Файлы исходного кода</Filter>
    </ClCompile>
    <ClCompile Include="common\world.c">
      <Filter>Файлы исходного кода</Filter>
    </ClCompile>
    <ClCompile Include="common\zone.c">
      <Filter>Файлы исходного кода</Filter>
    </ClCompile>
    <ClCompile Include="platform\sdl\events.c">
      <Filter>Файлы исходного кода</Filter>
    </ClCompile>
    <ClCompile Include="platform\sdl\vid_sdl.c">
      <Filter>Файлы исходного кода</Filter>
    </ClCompile>
    <ClCompile Include="platform\sdl\vid_sdl_nanogl.c">
      <Filter>Файлы исходного кода</Filter>
    </ClCompile>
    <ClCompile Include="client\cl_cmds.c">
      <Filter>Файлы исходного кода\client</Filter>
    </ClCompile>
    <ClCompile Include="client\cl_demo.c">
      <Filter>Файлы исходного кода\client</Filter>
    </ClCompile>
    <ClCompile Include="client\cl_events.c">
      <Filter>Файлы исходного кода\client</Filter>
    </ClCompile>
    <ClCompile Include="client\cl_frame.c">
      <Filter>Файлы исходного кода\client</Filter>
    </ClCompile>
    <ClCompile Include="client\cl_game.c">
      <Filter>Файлы исходного кода\client</Filter>
    </ClCompile>
    <ClCompile Include="client\cl_main.c">
      <Filter>Файлы исходного кода\client</Filter>
    </ClCompile>
    <ClCompile Include="client\cl_mobile.c">
      <Filter>Файлы исходного кода\client</Filter>
    </ClCompile>
    <ClCompile Include="client\cl_menu.c">
      <Filter>Файлы исходного кода\client</Filter>
    </ClCompile>
    <ClCompile Include="client\cl_parse.c">
      <Filter>Файлы исходного кода\client</Filter>
    </ClCompile>
    <ClCompile Include="client\cl_pmove.c">
      <Filter>Файлы исходного кода\client</Filter>
    </ClCompile>
    <ClCompile Include="client\cl_remap.c">
      <Filter>Файлы исходного кода\client</Filter>
    </ClCompile>
    <ClCompile Include="client\cl_scrn.c">
      <Filter>Файлы исходного кода\client</Filter>
    </ClCompile>
    <ClCompile Include="client\cl_tent.c">
      <Filter>Файлы исходного кода\client</Filter>
    </ClCompile>
    <ClCompile Include="client\cl_video.c">
      <Filter>Файлы исходного кода\client</Filter>
    </ClCompile>
    <ClCompile Include="client\cl_view.c">
      <Filter>Файлы исходного кода\client</Filter>
    </ClCompile>
    <ClCompile Include="client\gl_backend.c">
      <Filter>Файлы исходного кода\render</Filter>
    </ClCompile>
    <ClCompile Include="client\gl_beams.c">
      <Filter>Файлы исходного кода\render</Filter>
    </ClCompile>
    <ClCompile Include="client\gl_cull.c">
      <Filter>Файлы исходного кода\render</Filter>
    </ClCompile>
    <ClCompile Include="client\gl_decals.c">
      <Filter>Файлы исходного кода\render</Filter>
    </ClCompile>
    <ClCompile Include="client\gl_draw.c">
      <Filter>Файлы исходного кода\render</Filter>
    </ClCompile>
    <ClCompile Include="client\gl_image.c">
      <Filter>Файлы исходного кода\render</Filter>
    </ClCompile>
    <ClCompile Include="client\gl_mirror.c">
      <Filter>Файлы исходного кода\render</Filter>
    </ClCompile>
    <ClCompile Include="client\gl_refrag.c">
      <Filter>Файлы исходного кода\render</Filter>
    </ClCompile>
    <ClCompile Include="client\gl_rlight.c">
      <Filter>Файлы исходного кода\render</Filter>
    </ClCompile>
    <ClCompile Include="client\gl_rmain.c">
      <Filter>Файлы исходного кода\render</Filter>
    </ClCompile>
    <ClCompile Include="client\gl_rmath.c">
      <Filter>Файлы исходного кода\render</Filter>
    </ClCompile>
    <ClCompile Include="client\gl_rmisc.c">
      <Filter>Файлы исходного кода\render</Filter>
    </ClCompile>
    <ClCompile Include="client\gl_rpart.c">
      <Filter>Файлы исходного кода\render</Filter>
    </ClCompile>
    <ClCompile Include="client\gl_rsurf.c">
      <Filter>Файлы исходного кода\render</Filter>
    </ClCompile>
    <ClCompile Include="client\gl_sprite.c">
      <Filter>Файлы исходного кода\render</Filter>
    </ClCompile>
    <ClCompile Include="client\gl_studio.c">
      <Filter>Файлы исходного кода\render</Filter>
    </ClCompile>
    <ClCompile Include="client\gl_warp.c">
      <Filter>Файлы исходного кода\render</Filter>
    </ClCompile>
    <ClCompile Include="server\sv_world.c">
      <Filter>Файлы исходного кода\server</Filter>
    </ClCompile>
    <ClCompile Include="server\sv_save.c">
      <Filter>Файлы исходного кода\server</Filter>
    </ClCompile>
    <ClCompile Include="server\sv_pmove.c">
      <Filter>Файлы исходного кода\server</Filter>
    </ClCompile>
    <ClCompile Include="server\sv_phys.c">
      <Filter>Файлы исходного кода\server</Filter>
    </ClCompile>
    <ClCompile Include="server\sv_move.c">
      <Filter>Файлы исходного кода\server</Filter>
    </ClCompile>
    <ClCompile Include="server\sv_main.c">
      <Filter>Файлы исходного кода\server</Filter>
    </ClCompile>
    <ClCompile Include="server\sv_log.c">
      <Filter>Файлы исходного кода\server</Filter>
    </ClCompile>
    <ClCompile Include="server\sv_init.c">
      <Filter>Файлы исходного кода\server</Filter>
    </ClCompile>
    <ClCompile Include="server\sv_game.c">
      <Filter>Файлы исходного кода\server</Filter>
    </ClCompile>
    <ClCompile Include="server\sv_frame.c">
      <Filter>Файлы исходного кода\server</Filter>
    </ClCompile>
    <ClCompile Include="server\sv_client.c">
      <Filter>Файлы исходного кода\server</Filter>
    </ClCompile>
    <ClCompile Include="server\sv_cmds.c">
      <Filter>Файлы исходного кода\server</Filter>
    </ClCompile>
    <ClCompile Include="server\sv_custom.c">
      <Filter>Файлы исходного кода\server</Filter>
    </ClCompile>
    <ClCompile Include="common\crashhandler.c">
      <Filter>Файлы исходного кода</Filter>
    </ClCompile>
    <ClCompile Include="gl_debug.c">
      <Filter>Файлы исходного кода\render</Filter>
    </ClCompile>
    <ClCompile Include="common\soundlib\snd_main.c">
      <Filter>Файлы исходного кода\sound</Filter>
    </ClCompile>
    <ClCompile Include="common\soundlib\snd_mp3.c">
      <Filter>Файлы исходного кода\sound</Filter>
    </ClCompile>
    <ClCompile Include="common\soundlib\snd_utils.c">
      <Filter>Файлы исходного кода\sound</Filter>
    </ClCompile>
    <ClCompile Include="common\soundlib\snd_wav.c">
      <Filter>Файлы исходного кода\sound</Filter>
    </ClCompile>
    <ClCompile Include="client\s_dsp.c">
      <Filter>Файлы исходного кода\sound</Filter>
    </ClCompile>
    <ClCompile Include="client\s_load.c">
      <Filter>Файлы исходного кода\sound</Filter>
    </ClCompile>
    <ClCompile Include="client\s_main.c">
      <Filter>Файлы исходного кода\sound</Filter>
    </ClCompile>
    <ClCompile Include="client\s_mix.c">
      <Filter>Файлы исходного кода\sound</Filter>
    </ClCompile>
    <ClCompile Include="client\s_mouth.c">
      <Filter>Файлы исходного кода\sound</Filter>
    </ClCompile>
    <ClCompile Include="client\s_stream.c">
      <Filter>Файлы исходного кода\sound</Filter>
    </ClCompile>
    <ClCompile Include="client\s_stub.c">
      <Filter>Файлы исходного кода\sound</Filter>
    </ClCompile>
    <ClCompile Include="client\s_utils.c">
      <Filter>Файлы исходного кода\sound</Filter>
    </ClCompile>
    <ClCompile Include="client\s_vox.c">
      <Filter>Файлы исходного кода\sound</Filter>
    </ClCompile>
    <ClCompile Include="platform\sdl\snd_sdl.c">
      <Filter>Файлы исходного кода\sound</Filter>
    </ClCompile>
  </ItemGroup>
  <ItemGroup>
    <Library Include="common\soundlib\mpeg.lib" />
  </ItemGroup>
  <ItemGroup>
    <ClInclude Include="sound_load.h">
      <Filter>Заголовочные файлы\sound</Filter>
    </ClInclude>
    <ClInclude Include="sound_main.h">
      <Filter>Заголовочные файлы\sound</Filter>
    </ClInclude>
    <ClInclude Include="sound_openal.h">
      <Filter>Заголовочные файлы\sound</Filter>
    </ClInclude>
    <ClInclude Include="gl_debug.h">
      <Filter>Заголовочные файлы\render</Filter>
    </ClInclude>
    <ClInclude Include="common\soundlib\soundlib.h">
      <Filter>Файлы исходного кода\sound</Filter>
    </ClInclude>
  </ItemGroup>
</Project>