<?xml version="1.0" encoding="utf-8"?>
<Project ToolsVersion="4.0" xmlns="http://schemas.microsoft.com/developer/msbuild/2003">
  <ItemGroup>
    <Filter Include="Source Files">
      <UniqueIdentifier>{4FC737F1-C7A5-4376-A066-2A32D752A2FF}</UniqueIdentifier>
      <Extensions>cpp;c;cc;cxx;def;odl;idl;hpj;bat;asm;asmx</Extensions>
    </Filter>
    <Filter Include="Header Files">
      <UniqueIdentifier>{93995380-89BD-4b04-88EB-625FBE52EBFB}</UniqueIdentifier>
      <Extensions>h;hh;hpp;hxx;hm;inl;inc;xsd</Extensions>
    </Filter>
    <Filter Include="Resource Files">
      <UniqueIdentifier>{67DA6AB6-F800-4c08-8B7A-83BB121AAD01}</UniqueIdentifier>
      <Extensions>rc;ico;cur;bmp;dlg;rc2;rct;bin;rgs;gif;jpg;jpeg;jpe;resx;tiff;tif;png;wav;mfcribbon-ms</Extensions>
    </Filter>
  </ItemGroup>
  <ItemGroup>
    <ClInclude Include="basemenu.h">
      <Filter>Header Files</Filter>
    </ClInclude>
    <ClInclude Include="enginecallback.h">
      <Filter>Header Files</Filter>
    </ClInclude>
    <ClInclude Include="extdll.h">
      <Filter>Header Files</Filter>
    </ClInclude>
    <ClInclude Include="menu_btnsbmp_table.h">
      <Filter>Header Files</Filter>
    </ClInclude>
    <ClInclude Include="menu_strings.h">
      <Filter>Header Files</Filter>
    </ClInclude>
    <ClInclude Include="menufont.h">
      <Filter>Header Files</Filter>
    </ClInclude>
    <ClInclude Include="ui_title_anim.h">
      <Filter>Header Files</Filter>
    </ClInclude>
    <ClInclude Include="utils.h">
      <Filter>Header Files</Filter>
    </ClInclude>
  </ItemGroup>
  <ItemGroup>
    <ClCompile Include="basemenu.cpp">
      <Filter>Source Files</Filter>
    </ClCompile>
    <ClCompile Include="menu_advcontrols.cpp">
      <Filter>Source Files</Filter>
    </ClCompile>
    <ClCompile Include="menu_audio.cpp">
      <Filter>Source Files</Filter>
    </ClCompile>
    <ClCompile Include="menu_btns.cpp">
      <Filter>Source Files</Filter>
    </ClCompile>
    <ClCompile Include="menu_configuration.cpp">
      <Filter>Source Files</Filter>
    </ClCompile>
    <ClCompile Include="menu_controls.cpp">
      <Filter>Source Files</Filter>
    </ClCompile>
    <ClCompile Include="menu_creategame.cpp">
      <Filter>Source Files</Filter>
    </ClCompile>
    <ClCompile Include="menu_credits.cpp">
      <Filter>Source Files</Filter>
    </ClCompile>
    <ClCompile Include="menu_customgame.cpp">
      <Filter>Source Files</Filter>
    </ClCompile>
    <ClCompile Include="menu_gameoptions.cpp">
      <Filter>Source Files</Filter>
    </ClCompile>
    <ClCompile Include="menu_internetgames.cpp">
      <Filter>Source Files</Filter>
    </ClCompile>
    <ClCompile Include="menu_langame.cpp">
      <Filter>Source Files</Filter>
    </ClCompile>
    <ClCompile Include="menu_loadgame.cpp">
      <Filter>Source Files</Filter>
    </ClCompile>
    <ClCompile Include="menu_main.cpp">
      <Filter>Source Files</Filter>
    </ClCompile>
    <ClCompile Include="menu_multiplayer.cpp">
      <Filter>Source Files</Filter>
    </ClCompile>
    <ClCompile Include="menu_newgame.cpp">
      <Filter>Source Files</Filter>
    </ClCompile>
    <ClCompile Include="menu_playersetup.cpp">
      <Filter>Source Files</Filter>
    </ClCompile>
    <ClCompile Include="menu_savegame.cpp">
      <Filter>Source Files</Filter>
    </ClCompile>
    <ClCompile Include="menu_saveload.cpp">
      <Filter>Source Files</Filter>
    </ClCompile>
    <ClCompile Include="menu_strings.cpp">
      <Filter>Source Files</Filter>
    </ClCompile>
    <ClCompile Include="menu_video.cpp">
      <Filter>Source Files</Filter>
    </ClCompile>
    <ClCompile Include="menu_vidmodes.cpp">
      <Filter>Source Files</Filter>
    </ClCompile>
    <ClCompile Include="menu_vidoptions.cpp">
      <Filter>Source Files</Filter>
    </ClCompile>
    <ClCompile Include="udll_int.cpp">
      <Filter>Source Files</Filter>
    </ClCompile>
    <ClCompile Include="ui_title_anim.cpp">
      <Filter>Source Files</Filter>
    </ClCompile>
    <ClCompile Include="utils.cpp">
      <Filter>Source Files</Filter>
    </ClCompile>
  </ItemGroup>
</Project>